
Microsoft Visual Studio Solution File, Format Version 12.00
# Visual Studio Version 16
VisualStudioVersion = 16.0.31624.102
MinimumVisualStudioVersion = 10.0.40219.1
Project("{8BC9CEB8-8B4A-11D0-8D11-00A0C91BC942}") = "Average value of numbers", "Average value of numbers\Average value of numbers.vcxproj", "{35322B6D-AD50-45A0-B667-2C8C672C45F1}"
EndProject
Global
	GlobalSection(SolutionConfigurationPlatforms) = preSolution
		Debug|x64 = Debug|x64
		Debug|x86 = Debug|x86
		Release|x64 = Release|x64
		Release|x86 = Release|x86
	EndGlobalSection
	GlobalSection(ProjectConfigurationPlatforms) = postSolution
		{35322B6D-AD50-45A0-B667-2C8C672C45F1}.Debug|x64.ActiveCfg = Debug|x64
		{35322B6D-AD50-45A0-B667-2C8C672C45F1}.Debug|x64.Build.0 = Debug|x64
		{35322B6D-AD50-45A0-B667-2C8C672C45F1}.Debug|x86.ActiveCfg = Debug|Win32
		{35322B6D-AD50-45A0-B667-2C8C672C45F1}.Debug|x86.Build.0 = Debug|Win32
		{35322B6D-AD50-45A0-B667-2C8C672C45F1}.Release|x64.ActiveCfg = Release|x64
		{35322B6D-AD50-45A0-B667-2C8C672C45F1}.Release|x64.Build.0 = Release|x64
		{35322B6D-AD50-45A0-B667-2C8C672C45F1}.Release|x86.ActiveCfg = Release|Win32
		{35322B6D-AD50-45A0-B667-2C8C672C45F1}.Release|x86.Build.0 = Release|Win32
	EndGlobalSection
	GlobalSection(SolutionProperties) = preSolution
		HideSolutionNode = FALSE
	EndGlobalSection
	GlobalSection(ExtensibilityGlobals) = postSolution
		SolutionGuid = {F0ABD4B4-7BD9-4F0B-8CB7-28528C091EDB}
	EndGlobalSection
EndGlobal
