
Microsoft Visual Studio Solution File, Format Version 12.00
# Visual Studio Version 16
VisualStudioVersion = 16.0.31624.102
MinimumVisualStudioVersion = 10.0.40219.1
Project("{8BC9CEB8-8B4A-11D0-8D11-00A0C91BC942}") = "ClassWork0110", "ClassWork0110\ClassWork0110.vcxproj", "{DFDD6A92-BB58-450C-9B3A-0E5C828218EE}"
EndProject
Global
	GlobalSection(SolutionConfigurationPlatforms) = preSolution
		Debug|x64 = Debug|x64
		Debug|x86 = Debug|x86
		Release|x64 = Release|x64
		Release|x86 = Release|x86
	EndGlobalSection
	GlobalSection(ProjectConfigurationPlatforms) = postSolution
		{DFDD6A92-BB58-450C-9B3A-0E5C828218EE}.Debug|x64.ActiveCfg = Debug|x64
		{DFDD6A92-BB58-450C-9B3A-0E5C828218EE}.Debug|x64.Build.0 = Debug|x64
		{DFDD6A92-BB58-450C-9B3A-0E5C828218EE}.Debug|x86.ActiveCfg = Debug|Win32
		{DFDD6A92-BB58-450C-9B3A-0E5C828218EE}.Debug|x86.Build.0 = Debug|Win32
		{DFDD6A92-BB58-450C-9B3A-0E5C828218EE}.Release|x64.ActiveCfg = Release|x64
		{DFDD6A92-BB58-450C-9B3A-0E5C828218EE}.Release|x64.Build.0 = Release|x64
		{DFDD6A92-BB58-450C-9B3A-0E5C828218EE}.Release|x86.ActiveCfg = Release|Win32
		{DFDD6A92-BB58-450C-9B3A-0E5C828218EE}.Release|x86.Build.0 = Release|Win32
	EndGlobalSection
	GlobalSection(SolutionProperties) = preSolution
		HideSolutionNode = FALSE
	EndGlobalSection
	GlobalSection(ExtensibilityGlobals) = postSolution
		SolutionGuid = {F41E565C-575E-42FB-BFB9-AC2D4F20828B}
	EndGlobalSection
EndGlobal
